
Microsoft Visual Studio Solution File, Format Version 12.00
# Visual Studio Version 17
VisualStudioVersion = 17.13.35828.75
MinimumVisualStudioVersion = 10.0.40219.1
Project("{FAE04EC0-301F-11D3-BF4B-00C04F79EFBC}") = "01.FirstProject", "FirstProject\01.FirstProject.csproj", "{287EE552-23A0-483B-8388-FCCFC6B5AFEC}"
EndProject
Project("{FAE04EC0-301F-11D3-BF4B-00C04F79EFBC}") = "02.Operators", "Operators\02.Operators.csproj", "{804969BA-D435-43E5-839B-5974E21DBD9F}"
EndProject
Project("{FAE04EC0-301F-11D3-BF4B-00C04F79EFBC}") = "03.RaycastSample", "RaycastSample\03.RaycastSample.csproj", "{1669849F-5D57-4E40-9538-08E52B2C834D}"
EndProject
Project("{FAE04EC0-301F-11D3-BF4B-00C04F79EFBC}") = "04.BasicControlStatements", "BasicControlStatements\04.BasicControlStatements.csproj", "{5077D7B0-9E03-4108-B13E-849CB3EB2062}"
EndProject
Project("{FAE04EC0-301F-11D3-BF4B-00C04F79EFBC}") = "05.MethodSample", "MethodSample\05.MethodSample.csproj", "{F9DF7278-5744-40E9-93B7-38599EA874F2}"
EndProject
Project("{FAE04EC0-301F-11D3-BF4B-00C04F79EFBC}") = "06.EnumSample", "EnumSample\06.EnumSample.csproj", "{252397DC-66AF-45F3-978F-C05E1207A2A9}"
EndProject
Project("{FAE04EC0-301F-11D3-BF4B-00C04F79EFBC}") = "07.ArraySample", "ArraySample\07.ArraySample.csproj", "{BCA479C2-0BF9-4305-A545-B71645AF26D8}"
EndProject
Project("{FAE04EC0-301F-11D3-BF4B-00C04F79EFBC}") = "08.StructureSample", "StructureSample\08.StructureSample.csproj", "{BBBE6DCA-D02E-4FDE-9210-885AB53FE334}"
EndProject
Project("{FAE04EC0-301F-11D3-BF4B-00C04F79EFBC}") = "09.ClassSample", "9.ClassSample\09.ClassSample.csproj", "{7C79CA7C-3D7D-4755-8F5A-4D5318203D74}"
EndProject
Project("{FAE04EC0-301F-11D3-BF4B-00C04F79EFBC}") = "10. PracticeOOP", "PracticeOOP\10. PracticeOOP.csproj", "{C758DFFE-D8F5-4373-84EA-2CC5EAD39ED8}"
EndProject
Project("{FAE04EC0-301F-11D3-BF4B-00C04F79EFBC}") = "11. GenericSample", "GenericSample\11. GenericSample.csproj", "{8E70A98A-54A8-4FC8-AF8E-537486C1A471}"
EndProject
Project("{FAE04EC0-301F-11D3-BF4B-00C04F79EFBC}") = "12.DelegateSample", "DelegateSample\12.DelegateSample.csproj", "{1670D4B1-2564-4352-9A34-6651CC61DD07}"
EndProject
Project("{FAE04EC0-301F-11D3-BF4B-00C04F79EFBC}") = "14.CollectionsSample", "CollectionsSample\14.CollectionsSample.csproj", "{D6D977DA-0B0B-4090-A13A-DFF3A3C92BAA}"
EndProject
Global
	GlobalSection(SolutionConfigurationPlatforms) = preSolution
		Debug|Any CPU = Debug|Any CPU
		Release|Any CPU = Release|Any CPU
	EndGlobalSection
	GlobalSection(ProjectConfigurationPlatforms) = postSolution
		{287EE552-23A0-483B-8388-FCCFC6B5AFEC}.Debug|Any CPU.ActiveCfg = Debug|Any CPU
		{287EE552-23A0-483B-8388-FCCFC6B5AFEC}.Debug|Any CPU.Build.0 = Debug|Any CPU
		{287EE552-23A0-483B-8388-FCCFC6B5AFEC}.Release|Any CPU.ActiveCfg = Release|Any CPU
		{287EE552-23A0-483B-8388-FCCFC6B5AFEC}.Release|Any CPU.Build.0 = Release|Any CPU
		{804969BA-D435-43E5-839B-5974E21DBD9F}.Debug|Any CPU.ActiveCfg = Debug|Any CPU
		{804969BA-D435-43E5-839B-5974E21DBD9F}.Debug|Any CPU.Build.0 = Debug|Any CPU
		{804969BA-D435-43E5-839B-5974E21DBD9F}.Release|Any CPU.ActiveCfg = Release|Any CPU
		{804969BA-D435-43E5-839B-5974E21DBD9F}.Release|Any CPU.Build.0 = Release|Any CPU
		{1669849F-5D57-4E40-9538-08E52B2C834D}.Debug|Any CPU.ActiveCfg = Debug|Any CPU
		{1669849F-5D57-4E40-9538-08E52B2C834D}.Debug|Any CPU.Build.0 = Debug|Any CPU
		{1669849F-5D57-4E40-9538-08E52B2C834D}.Release|Any CPU.ActiveCfg = Release|Any CPU
		{1669849F-5D57-4E40-9538-08E52B2C834D}.Release|Any CPU.Build.0 = Release|Any CPU
		{5077D7B0-9E03-4108-B13E-849CB3EB2062}.Debug|Any CPU.ActiveCfg = Debug|Any CPU
		{5077D7B0-9E03-4108-B13E-849CB3EB2062}.Debug|Any CPU.Build.0 = Debug|Any CPU
		{5077D7B0-9E03-4108-B13E-849CB3EB2062}.Release|Any CPU.ActiveCfg = Release|Any CPU
		{5077D7B0-9E03-4108-B13E-849CB3EB2062}.Release|Any CPU.Build.0 = Release|Any CPU
		{F9DF7278-5744-40E9-93B7-38599EA874F2}.Debug|Any CPU.ActiveCfg = Debug|Any CPU
		{F9DF7278-5744-40E9-93B7-38599EA874F2}.Debug|Any CPU.Build.0 = Debug|Any CPU
		{F9DF7278-5744-40E9-93B7-38599EA874F2}.Release|Any CPU.ActiveCfg = Release|Any CPU
		{F9DF7278-5744-40E9-93B7-38599EA874F2}.Release|Any CPU.Build.0 = Release|Any CPU
		{252397DC-66AF-45F3-978F-C05E1207A2A9}.Debug|Any CPU.ActiveCfg = Debug|Any CPU
		{252397DC-66AF-45F3-978F-C05E1207A2A9}.Debug|Any CPU.Build.0 = Debug|Any CPU
		{252397DC-66AF-45F3-978F-C05E1207A2A9}.Release|Any CPU.ActiveCfg = Release|Any CPU
		{252397DC-66AF-45F3-978F-C05E1207A2A9}.Release|Any CPU.Build.0 = Release|Any CPU
		{BCA479C2-0BF9-4305-A545-B71645AF26D8}.Debug|Any CPU.ActiveCfg = Debug|Any CPU
		{BCA479C2-0BF9-4305-A545-B71645AF26D8}.Debug|Any CPU.Build.0 = Debug|Any CPU
		{BCA479C2-0BF9-4305-A545-B71645AF26D8}.Release|Any CPU.ActiveCfg = Release|Any CPU
		{BCA479C2-0BF9-4305-A545-B71645AF26D8}.Release|Any CPU.Build.0 = Release|Any CPU
		{BBBE6DCA-D02E-4FDE-9210-885AB53FE334}.Debug|Any CPU.ActiveCfg = Debug|Any CPU
		{BBBE6DCA-D02E-4FDE-9210-885AB53FE334}.Debug|Any CPU.Build.0 = Debug|Any CPU
		{BBBE6DCA-D02E-4FDE-9210-885AB53FE334}.Release|Any CPU.ActiveCfg = Release|Any CPU
		{BBBE6DCA-D02E-4FDE-9210-885AB53FE334}.Release|Any CPU.Build.0 = Release|Any CPU
		{7C79CA7C-3D7D-4755-8F5A-4D5318203D74}.Debug|Any CPU.ActiveCfg = Debug|Any CPU
		{7C79CA7C-3D7D-4755-8F5A-4D5318203D74}.Debug|Any CPU.Build.0 = Debug|Any CPU
		{7C79CA7C-3D7D-4755-8F5A-4D5318203D74}.Release|Any CPU.ActiveCfg = Release|Any CPU
		{7C79CA7C-3D7D-4755-8F5A-4D5318203D74}.Release|Any CPU.Build.0 = Release|Any CPU
		{C758DFFE-D8F5-4373-84EA-2CC5EAD39ED8}.Debug|Any CPU.ActiveCfg = Debug|Any CPU
		{C758DFFE-D8F5-4373-84EA-2CC5EAD39ED8}.Debug|Any CPU.Build.0 = Debug|Any CPU
		{C758DFFE-D8F5-4373-84EA-2CC5EAD39ED8}.Release|Any CPU.ActiveCfg = Release|Any CPU
		{C758DFFE-D8F5-4373-84EA-2CC5EAD39ED8}.Release|Any CPU.Build.0 = Release|Any CPU
		{8E70A98A-54A8-4FC8-AF8E-537486C1A471}.Debug|Any CPU.ActiveCfg = Debug|Any CPU
		{8E70A98A-54A8-4FC8-AF8E-537486C1A471}.Debug|Any CPU.Build.0 = Debug|Any CPU
		{8E70A98A-54A8-4FC8-AF8E-537486C1A471}.Release|Any CPU.ActiveCfg = Release|Any CPU
		{8E70A98A-54A8-4FC8-AF8E-537486C1A471}.Release|Any CPU.Build.0 = Release|Any CPU
		{1670D4B1-2564-4352-9A34-6651CC61DD07}.Debug|Any CPU.ActiveCfg = Debug|Any CPU
		{1670D4B1-2564-4352-9A34-6651CC61DD07}.Debug|Any CPU.Build.0 = Debug|Any CPU
		{1670D4B1-2564-4352-9A34-6651CC61DD07}.Release|Any CPU.ActiveCfg = Release|Any CPU
		{1670D4B1-2564-4352-9A34-6651CC61DD07}.Release|Any CPU.Build.0 = Release|Any CPU
		{D6D977DA-0B0B-4090-A13A-DFF3A3C92BAA}.Debug|Any CPU.ActiveCfg = Debug|Any CPU
		{D6D977DA-0B0B-4090-A13A-DFF3A3C92BAA}.Debug|Any CPU.Build.0 = Debug|Any CPU
		{D6D977DA-0B0B-4090-A13A-DFF3A3C92BAA}.Release|Any CPU.ActiveCfg = Release|Any CPU
		{D6D977DA-0B0B-4090-A13A-DFF3A3C92BAA}.Release|Any CPU.Build.0 = Release|Any CPU
	EndGlobalSection
	GlobalSection(SolutionProperties) = preSolution
		HideSolutionNode = FALSE
	EndGlobalSection
	GlobalSection(ExtensibilityGlobals) = postSolution
		SolutionGuid = {F237C52F-D9DA-4570-8E16-4DDD9A4AABF9}
	EndGlobalSection
EndGlobal
