
Microsoft Visual Studio Solution File, Format Version 12.00
# Visual Studio Version 17
VisualStudioVersion = 17.13.35828.75
MinimumVisualStudioVersion = 10.0.40219.1
Project("{FAE04EC0-301F-11D3-BF4B-00C04F79EFBC}") = "FirstProject", "FirstProject\FirstProject.csproj", "{287EE552-23A0-483B-8388-FCCFC6B5AFEC}"
EndProject
Project("{FAE04EC0-301F-11D3-BF4B-00C04F79EFBC}") = "Operators", "Operators\Operators.csproj", "{804969BA-D435-43E5-839B-5974E21DBD9F}"
EndProject
Project("{FAE04EC0-301F-11D3-BF4B-00C04F79EFBC}") = "RaycastSample", "RaycastSample\RaycastSample.csproj", "{1669849F-5D57-4E40-9538-08E52B2C834D}"
EndProject
Project("{FAE04EC0-301F-11D3-BF4B-00C04F79EFBC}") = "BasicControlStatements", "BasicControlStatements\BasicControlStatements.csproj", "{5077D7B0-9E03-4108-B13E-849CB3EB2062}"
EndProject
Project("{FAE04EC0-301F-11D3-BF4B-00C04F79EFBC}") = "MethodSample", "MethodSample\MethodSample.csproj", "{F9DF7278-5744-40E9-93B7-38599EA874F2}"
EndProject
Project("{FAE04EC0-301F-11D3-BF4B-00C04F79EFBC}") = "EnumSample", "EnumSample\EnumSample.csproj", "{252397DC-66AF-45F3-978F-C05E1207A2A9}"
EndProject
Project("{FAE04EC0-301F-11D3-BF4B-00C04F79EFBC}") = "ArraySample", "ArraySample\ArraySample.csproj", "{BCA479C2-0BF9-4305-A545-B71645AF26D8}"
EndProject
Global
	GlobalSection(SolutionConfigurationPlatforms) = preSolution
		Debug|Any CPU = Debug|Any CPU
		Release|Any CPU = Release|Any CPU
	EndGlobalSection
	GlobalSection(ProjectConfigurationPlatforms) = postSolution
		{287EE552-23A0-483B-8388-FCCFC6B5AFEC}.Debug|Any CPU.ActiveCfg = Debug|Any CPU
		{287EE552-23A0-483B-8388-FCCFC6B5AFEC}.Debug|Any CPU.Build.0 = Debug|Any CPU
		{287EE552-23A0-483B-8388-FCCFC6B5AFEC}.Release|Any CPU.ActiveCfg = Release|Any CPU
		{287EE552-23A0-483B-8388-FCCFC6B5AFEC}.Release|Any CPU.Build.0 = Release|Any CPU
		{804969BA-D435-43E5-839B-5974E21DBD9F}.Debug|Any CPU.ActiveCfg = Debug|Any CPU
		{804969BA-D435-43E5-839B-5974E21DBD9F}.Debug|Any CPU.Build.0 = Debug|Any CPU
		{804969BA-D435-43E5-839B-5974E21DBD9F}.Release|Any CPU.ActiveCfg = Release|Any CPU
		{804969BA-D435-43E5-839B-5974E21DBD9F}.Release|Any CPU.Build.0 = Release|Any CPU
		{1669849F-5D57-4E40-9538-08E52B2C834D}.Debug|Any CPU.ActiveCfg = Debug|Any CPU
		{1669849F-5D57-4E40-9538-08E52B2C834D}.Debug|Any CPU.Build.0 = Debug|Any CPU
		{1669849F-5D57-4E40-9538-08E52B2C834D}.Release|Any CPU.ActiveCfg = Release|Any CPU
		{1669849F-5D57-4E40-9538-08E52B2C834D}.Release|Any CPU.Build.0 = Release|Any CPU
		{5077D7B0-9E03-4108-B13E-849CB3EB2062}.Debug|Any CPU.ActiveCfg = Debug|Any CPU
		{5077D7B0-9E03-4108-B13E-849CB3EB2062}.Debug|Any CPU.Build.0 = Debug|Any CPU
		{5077D7B0-9E03-4108-B13E-849CB3EB2062}.Release|Any CPU.ActiveCfg = Release|Any CPU
		{5077D7B0-9E03-4108-B13E-849CB3EB2062}.Release|Any CPU.Build.0 = Release|Any CPU
		{F9DF7278-5744-40E9-93B7-38599EA874F2}.Debug|Any CPU.ActiveCfg = Debug|Any CPU
		{F9DF7278-5744-40E9-93B7-38599EA874F2}.Debug|Any CPU.Build.0 = Debug|Any CPU
		{F9DF7278-5744-40E9-93B7-38599EA874F2}.Release|Any CPU.ActiveCfg = Release|Any CPU
		{F9DF7278-5744-40E9-93B7-38599EA874F2}.Release|Any CPU.Build.0 = Release|Any CPU
		{252397DC-66AF-45F3-978F-C05E1207A2A9}.Debug|Any CPU.ActiveCfg = Debug|Any CPU
		{252397DC-66AF-45F3-978F-C05E1207A2A9}.Debug|Any CPU.Build.0 = Debug|Any CPU
		{252397DC-66AF-45F3-978F-C05E1207A2A9}.Release|Any CPU.ActiveCfg = Release|Any CPU
		{252397DC-66AF-45F3-978F-C05E1207A2A9}.Release|Any CPU.Build.0 = Release|Any CPU
		{BCA479C2-0BF9-4305-A545-B71645AF26D8}.Debug|Any CPU.ActiveCfg = Debug|Any CPU
		{BCA479C2-0BF9-4305-A545-B71645AF26D8}.Debug|Any CPU.Build.0 = Debug|Any CPU
		{BCA479C2-0BF9-4305-A545-B71645AF26D8}.Release|Any CPU.ActiveCfg = Release|Any CPU
		{BCA479C2-0BF9-4305-A545-B71645AF26D8}.Release|Any CPU.Build.0 = Release|Any CPU
	EndGlobalSection
	GlobalSection(SolutionProperties) = preSolution
		HideSolutionNode = FALSE
	EndGlobalSection
	GlobalSection(ExtensibilityGlobals) = postSolution
		SolutionGuid = {F237C52F-D9DA-4570-8E16-4DDD9A4AABF9}
	EndGlobalSection
EndGlobal
